
Microsoft Visual Studio Solution File, Format Version 12.00
# Visual Studio Version 17
VisualStudioVersion = 17.0.31903.59
MinimumVisualStudioVersion = 10.0.40219.1
Project("{FAE04EC0-301F-11D3-BF4B-00C04F79EFBC}") = "SchoolMaintenanceDemo.Web", "SchoolMaintenanceDemo.Web\SchoolMaintenanceDemo.Web.csproj", "{6852EF02-CBA1-4FDF-8D0C-DDA0402941DA}"
EndProject
Project("{FAE04EC0-301F-11D3-BF4B-00C04F79EFBC}") = "SchoolMaintenanceDemo.Data", "SchoolMaintenanceDemo.Data\SchoolMaintenanceDemo.Data.csproj", "{F548FB8A-B3BD-4CB7-8FFD-8BF37EFF7743}"
EndProject
Global
	GlobalSection(SolutionConfigurationPlatforms) = preSolution
		Debug|Any CPU = Debug|Any CPU
		Debug|x64 = Debug|x64
		Debug|x86 = Debug|x86
		Release|Any CPU = Release|Any CPU
		Release|x64 = Release|x64
		Release|x86 = Release|x86
	EndGlobalSection
	GlobalSection(ProjectConfigurationPlatforms) = postSolution
		{6852EF02-CBA1-4FDF-8D0C-DDA0402941DA}.Debug|Any CPU.ActiveCfg = Debug|Any CPU
		{6852EF02-CBA1-4FDF-8D0C-DDA0402941DA}.Debug|Any CPU.Build.0 = Debug|Any CPU
		{6852EF02-CBA1-4FDF-8D0C-DDA0402941DA}.Debug|x64.ActiveCfg = Debug|Any CPU
		{6852EF02-CBA1-4FDF-8D0C-DDA0402941DA}.Debug|x64.Build.0 = Debug|Any CPU
		{6852EF02-CBA1-4FDF-8D0C-DDA0402941DA}.Debug|x86.ActiveCfg = Debug|Any CPU
		{6852EF02-CBA1-4FDF-8D0C-DDA0402941DA}.Debug|x86.Build.0 = Debug|Any CPU
		{6852EF02-CBA1-4FDF-8D0C-DDA0402941DA}.Release|Any CPU.ActiveCfg = Release|Any CPU
		{6852EF02-CBA1-4FDF-8D0C-DDA0402941DA}.Release|Any CPU.Build.0 = Release|Any CPU
		{6852EF02-CBA1-4FDF-8D0C-DDA0402941DA}.Release|x64.ActiveCfg = Release|Any CPU
		{6852EF02-CBA1-4FDF-8D0C-DDA0402941DA}.Release|x64.Build.0 = Release|Any CPU
		{6852EF02-CBA1-4FDF-8D0C-DDA0402941DA}.Release|x86.ActiveCfg = Release|Any CPU
		{6852EF02-CBA1-4FDF-8D0C-DDA0402941DA}.Release|x86.Build.0 = Release|Any CPU
		{F548FB8A-B3BD-4CB7-8FFD-8BF37EFF7743}.Debug|Any CPU.ActiveCfg = Debug|Any CPU
		{F548FB8A-B3BD-4CB7-8FFD-8BF37EFF7743}.Debug|Any CPU.Build.0 = Debug|Any CPU
		{F548FB8A-B3BD-4CB7-8FFD-8BF37EFF7743}.Debug|x64.ActiveCfg = Debug|Any CPU
		{F548FB8A-B3BD-4CB7-8FFD-8BF37EFF7743}.Debug|x64.Build.0 = Debug|Any CPU
		{F548FB8A-B3BD-4CB7-8FFD-8BF37EFF7743}.Debug|x86.ActiveCfg = Debug|Any CPU
		{F548FB8A-B3BD-4CB7-8FFD-8BF37EFF7743}.Debug|x86.Build.0 = Debug|Any CPU
		{F548FB8A-B3BD-4CB7-8FFD-8BF37EFF7743}.Release|Any CPU.ActiveCfg = Release|Any CPU
		{F548FB8A-B3BD-4CB7-8FFD-8BF37EFF7743}.Release|Any CPU.Build.0 = Release|Any CPU
		{F548FB8A-B3BD-4CB7-8FFD-8BF37EFF7743}.Release|x64.ActiveCfg = Release|Any CPU
		{F548FB8A-B3BD-4CB7-8FFD-8BF37EFF7743}.Release|x64.Build.0 = Release|Any CPU
		{F548FB8A-B3BD-4CB7-8FFD-8BF37EFF7743}.Release|x86.ActiveCfg = Release|Any CPU
		{F548FB8A-B3BD-4CB7-8FFD-8BF37EFF7743}.Release|x86.Build.0 = Release|Any CPU
	EndGlobalSection
	GlobalSection(SolutionProperties) = preSolution
		HideSolutionNode = FALSE
	EndGlobalSection
EndGlobal
